
Microsoft Visual Studio Solution File, Format Version 12.00
# Visual Studio Version 17
VisualStudioVersion = 17.5.33424.131
MinimumVisualStudioVersion = 10.0.40219.1
Project("{FAE04EC0-301F-11D3-BF4B-00C04F79EFBC}") = "Todo-Assignment.API", "Todo-Assignment.API.csproj", "{0AECE9FB-22B0-4B3B-A70E-6BACED2D20C5}"
EndProject
Global
	GlobalSection(SolutionConfigurationPlatforms) = preSolution
		Debug|Any CPU = Debug|Any CPU
		Release|Any CPU = Release|Any CPU
	EndGlobalSection
	GlobalSection(ProjectConfigurationPlatforms) = postSolution
		{0AECE9FB-22B0-4B3B-A70E-6BACED2D20C5}.Debug|Any CPU.ActiveCfg = Debug|Any CPU
		{0AECE9FB-22B0-4B3B-A70E-6BACED2D20C5}.Debug|Any CPU.Build.0 = Debug|Any CPU
		{0AECE9FB-22B0-4B3B-A70E-6BACED2D20C5}.Release|Any CPU.ActiveCfg = Release|Any CPU
		{0AECE9FB-22B0-4B3B-A70E-6BACED2D20C5}.Release|Any CPU.Build.0 = Release|Any CPU
	EndGlobalSection
	GlobalSection(SolutionProperties) = preSolution
		HideSolutionNode = FALSE
	EndGlobalSection
	GlobalSection(ExtensibilityGlobals) = postSolution
		SolutionGuid = {6BBC98A0-3BB2-4D72-9410-A8D87B234E82}
	EndGlobalSection
EndGlobal
